
Microsoft Visual Studio Solution File, Format Version 11.00
# Visual Studio 2010
Project("{FAE04EC0-301F-11D3-BF4B-00C04F79EFBC}") = "ARShooter", "Assembly-CSharp-firstpass.csproj", "{7F7B9566-CBF0-F500-E16D-34C75F3F05E3}"
EndProject
Project("{FAE04EC0-301F-11D3-BF4B-00C04F79EFBC}") = "ARShooter", "Assembly-CSharp.csproj", "{2AE0EFF5-6842-5A84-27CA-AE077AFBD9C6}"
EndProject
Project("{FAE04EC0-301F-11D3-BF4B-00C04F79EFBC}") = "ARShooter", "Assembly-CSharp-Editor-firstpass.csproj", "{1C138165-3C0B-C02C-7AD2-E8A393F03497}"
EndProject
Project("{FAE04EC0-301F-11D3-BF4B-00C04F79EFBC}") = "ARShooter", "Assembly-CSharp-Editor.csproj", "{53B5C830-39C4-6BE4-7C04-3B45766A5977}"
EndProject
Global
	GlobalSection(SolutionConfigurationPlatforms) = preSolution
		Debug|Any CPU = Debug|Any CPU
		Release|Any CPU = Release|Any CPU
	EndGlobalSection
	GlobalSection(ProjectConfigurationPlatforms) = postSolution
		{7F7B9566-CBF0-F500-E16D-34C75F3F05E3}.Debug|Any CPU.ActiveCfg = Debug|Any CPU
		{7F7B9566-CBF0-F500-E16D-34C75F3F05E3}.Debug|Any CPU.Build.0 = Debug|Any CPU
		{7F7B9566-CBF0-F500-E16D-34C75F3F05E3}.Release|Any CPU.ActiveCfg = Release|Any CPU
		{7F7B9566-CBF0-F500-E16D-34C75F3F05E3}.Release|Any CPU.Build.0 = Release|Any CPU
		{2AE0EFF5-6842-5A84-27CA-AE077AFBD9C6}.Debug|Any CPU.ActiveCfg = Debug|Any CPU
		{2AE0EFF5-6842-5A84-27CA-AE077AFBD9C6}.Debug|Any CPU.Build.0 = Debug|Any CPU
		{2AE0EFF5-6842-5A84-27CA-AE077AFBD9C6}.Release|Any CPU.ActiveCfg = Release|Any CPU
		{2AE0EFF5-6842-5A84-27CA-AE077AFBD9C6}.Release|Any CPU.Build.0 = Release|Any CPU
		{1C138165-3C0B-C02C-7AD2-E8A393F03497}.Debug|Any CPU.ActiveCfg = Debug|Any CPU
		{1C138165-3C0B-C02C-7AD2-E8A393F03497}.Debug|Any CPU.Build.0 = Debug|Any CPU
		{1C138165-3C0B-C02C-7AD2-E8A393F03497}.Release|Any CPU.ActiveCfg = Release|Any CPU
		{1C138165-3C0B-C02C-7AD2-E8A393F03497}.Release|Any CPU.Build.0 = Release|Any CPU
		{53B5C830-39C4-6BE4-7C04-3B45766A5977}.Debug|Any CPU.ActiveCfg = Debug|Any CPU
		{53B5C830-39C4-6BE4-7C04-3B45766A5977}.Debug|Any CPU.Build.0 = Debug|Any CPU
		{53B5C830-39C4-6BE4-7C04-3B45766A5977}.Release|Any CPU.ActiveCfg = Release|Any CPU
		{53B5C830-39C4-6BE4-7C04-3B45766A5977}.Release|Any CPU.Build.0 = Release|Any CPU
	EndGlobalSection
	GlobalSection(SolutionProperties) = preSolution
		HideSolutionNode = FALSE
	EndGlobalSection
	GlobalSection(MonoDevelopProperties) = preSolution
		StartupItem = Assembly-CSharp.csproj
	EndGlobalSection
EndGlobal
